// !$*UTF8*$!
{
	archiveVersion = 1;
	classes = {
	};
	objectVersion = 46;
	objects = {

/* Begin PBXBuildFile section */
		18EA836E1A72AD5500FD6269 /* main.m in Sources */ = {isa = PBXBuildFile; fileRef = 18EA836D1A72AD5500FD6269 /* main.m */; };
		18EA83711A72AD5500FD6269 /* AppDelegate.m in Sources */ = {isa = PBXBuildFile; fileRef = 18EA83701A72AD5500FD6269 /* AppDelegate.m */; };
		18EA83741A72AD5500FD6269 /* RootViewController.m in Sources */ = {isa = PBXBuildFile; fileRef = 18EA83731A72AD5500FD6269 /* RootViewController.m */; };
		18EA83771A72AD5500FD6269 /* Main.storyboard in Resources */ = {isa = PBXBuildFile; fileRef = 18EA83751A72AD5500FD6269 /* Main.storyboard */; };
		18EA83791A72AD5500FD6269 /* Images.xcassets in Resources */ = {isa = PBXBuildFile; fileRef = 18EA83781A72AD5500FD6269 /* Images.xcassets */; };
		18EA837C1A72AD5500FD6269 /* LaunchScreen.xib in Resources */ = {isa = PBXBuildFile; fileRef = 18EA837A1A72AD5500FD6269 /* LaunchScreen.xib */; };
		18EA83881A72AD5500FD6269 /* GoodnightMoonTests.m in Sources */ = {isa = PBXBuildFile; fileRef = 18EA83871A72AD5500FD6269 /* GoodnightMoonTests.m */; };
		18EA83961A72CAF500FD6269 /* ImageCollectionViewCell.m in Sources */ = {isa = PBXBuildFile; fileRef = 18EA83951A72CAF500FD6269 /* ImageCollectionViewCell.m */; };
/* End PBXBuildFile section */

/* Begin PBXContainerItemProxy section */
		18EA83821A72AD5500FD6269 /* PBXContainerItemProxy */ = {
			isa = PBXContainerItemProxy;
			containerPortal = 18EA83601A72AD5500FD6269 /* Project object */;
			proxyType = 1;
			remoteGlobalIDString = 18EA83671A72AD5500FD6269;
			remoteInfo = GoodnightMoon;
		};
/* End PBXContainerItemProxy section */

/* Begin PBXFileReference section */
		18EA83681A72AD5500FD6269 /* GoodnightMoon.app */ = {isa = PBXFileReference; explicitFileType = wrapper.application; includeInIndex = 0; path = GoodnightMoon.app; sourceTree = BUILT_PRODUCTS_DIR; };
		18EA836C1A72AD5500FD6269 /* Info.plist */ = {isa = PBXFileReference; lastKnownFileType = text.plist.xml; path = Info.plist; sourceTree = "<group>"; };
		18EA836D1A72AD5500FD6269 /* main.m */ = {isa = PBXFileReference; lastKnownFileType = sourcecode.c.objc; path = main.m; sourceTree = "<group>"; };
		18EA836F1A72AD5500FD6269 /* AppDelegate.h */ = {isa = PBXFileReference; lastKnownFileType = sourcecode.c.h; path = AppDelegate.h; sourceTree = "<group>"; };
		18EA83701A72AD5500FD6269 /* AppDelegate.m */ = {isa = PBXFileReference; lastKnownFileType = sourcecode.c.objc; path = AppDelegate.m; sourceTree = "<group>"; };
		18EA83721A72AD5500FD6269 /* RootViewController.h */ = {isa = PBXFileReference; lastKnownFileType = sourcecode.c.h; path = RootViewController.h; sourceTree = "<group>"; };
		18EA83731A72AD5500FD6269 /* RootViewController.m */ = {isa = PBXFileReference; lastKnownFileType = sourcecode.c.objc; path = RootViewController.m; sourceTree = "<group>"; };
		18EA83761A72AD5500FD6269 /* Base */ = {isa = PBXFileReference; lastKnownFileType = file.storyboard; name = Base; path = Base.lproj/Main.storyboard; sourceTree = "<group>"; };
		18EA83781A72AD5500FD6269 /* Images.xcassets */ = {isa = PBXFileReference; lastKnownFileType = folder.assetcatalog; path = Images.xcassets; sourceTree = "<group>"; };
		18EA837B1A72AD5500FD6269 /* Base */ = {isa = PBXFileReference; lastKnownFileType = file.xib; name = Base; path = Base.lproj/LaunchScreen.xib; sourceTree = "<group>"; };
		18EA83811A72AD5500FD6269 /* GoodnightMoonTests.xctest */ = {isa = PBXFileReference; explicitFileType = wrapper.cfbundle; includeInIndex = 0; path = GoodnightMoonTests.xctest; sourceTree = BUILT_PRODUCTS_DIR; };
		18EA83861A72AD5500FD6269 /* Info.plist */ = {isa = PBXFileReference; lastKnownFileType = text.plist.xml; path = Info.plist; sourceTree = "<group>"; };
		18EA83871A72AD5500FD6269 /* GoodnightMoonTests.m */ = {isa = PBXFileReference; lastKnownFileType = sourcecode.c.objc; path = GoodnightMoonTests.m; sourceTree = "<group>"; };
		18EA83941A72CAF500FD6269 /* ImageCollectionViewCell.h */ = {isa = PBXFileReference; fileEncoding = 4; lastKnownFileType = sourcecode.c.h; name = ImageCollectionViewCell.h; path = ../ImageCollectionViewCell.h; sourceTree = "<group>"; };
		18EA83951A72CAF500FD6269 /* ImageCollectionViewCell.m */ = {isa = PBXFileReference; fileEncoding = 4; lastKnownFileType = sourcecode.c.objc; name = ImageCollectionViewCell.m; path = ../ImageCollectionViewCell.m; sourceTree = "<group>"; };
/* End PBXFileReference section */

/* Begin PBXFrameworksBuildPhase section */
		18EA83651A72AD5500FD6269 /* Frameworks */ = {
			isa = PBXFrameworksBuildPhase;
			buildActionMask = 2147483647;
			files = (
			);
			runOnlyForDeploymentPostprocessing = 0;
		};
		18EA837E1A72AD5500FD6269 /* Frameworks */ = {
			isa = PBXFrameworksBuildPhase;
			buildActionMask = 2147483647;
			files = (
			);
			runOnlyForDeploymentPostprocessing = 0;
		};
/* End PBXFrameworksBuildPhase section */

/* Begin PBXGroup section */
		18EA835F1A72AD5500FD6269 = {
			isa = PBXGroup;
			children = (
				18EA836A1A72AD5500FD6269 /* GoodnightMoon */,
				18EA83841A72AD5500FD6269 /* GoodnightMoonTests */,
				18EA83691A72AD5500FD6269 /* Products */,
			);
			sourceTree = "<group>";
		};
		18EA83691A72AD5500FD6269 /* Products */ = {
			isa = PBXGroup;
			children = (
				18EA83681A72AD5500FD6269 /* GoodnightMoon.app */,
				18EA83811A72AD5500FD6269 /* GoodnightMoonTests.xctest */,
			);
			name = Products;
			sourceTree = "<group>";
		};
		18EA836A1A72AD5500FD6269 /* GoodnightMoon */ = {
			isa = PBXGroup;
			children = (
				18EA836F1A72AD5500FD6269 /* AppDelegate.h */,
				18EA83701A72AD5500FD6269 /* AppDelegate.m */,
				18EA83721A72AD5500FD6269 /* RootViewController.h */,
				18EA83731A72AD5500FD6269 /* RootViewController.m */,
				18EA83941A72CAF500FD6269 /* ImageCollectionViewCell.h */,
				18EA83951A72CAF500FD6269 /* ImageCollectionViewCell.m */,
				18EA83751A72AD5500FD6269 /* Main.storyboard */,
				18EA83781A72AD5500FD6269 /* Images.xcassets */,
				18EA837A1A72AD5500FD6269 /* LaunchScreen.xib */,
				18EA836B1A72AD5500FD6269 /* Supporting Files */,
			);
			path = GoodnightMoon;
			sourceTree = "<group>";
		};
		18EA836B1A72AD5500FD6269 /* Supporting Files */ = {
			isa = PBXGroup;
			children = (
				18EA836C1A72AD5500FD6269 /* Info.plist */,
				18EA836D1A72AD5500FD6269 /* main.m */,
			);
			name = "Supporting Files";
			sourceTree = "<group>";
		};
		18EA83841A72AD5500FD6269 /* GoodnightMoonTests */ = {
			isa = PBXGroup;
			children = (
				18EA83871A72AD5500FD6269 /* GoodnightMoonTests.m */,
				18EA83851A72AD5500FD6269 /* Supporting Files */,
			);
			path = GoodnightMoonTests;
			sourceTree = "<group>";
		};
		18EA83851A72AD5500FD6269 /* Supporting Files */ = {
			isa = PBXGroup;
			children = (
				18EA83861A72AD5500FD6269 /* Info.plist */,
			);
			name = "Supporting Files";
			sourceTree = "<group>";
		};
/* End PBXGroup section */

/* Begin PBXNativeTarget section */
		18EA83671A72AD5500FD6269 /* GoodnightMoon */ = {
			isa = PBXNativeTarget;
			buildConfigurationList = 18EA838B1A72AD5500FD6269 /* Build configuration list for PBXNativeTarget "GoodnightMoon" */;
			buildPhases = (
				18EA83641A72AD5500FD6269 /* Sources */,
				18EA83651A72AD5500FD6269 /* Frameworks */,
				18EA83661A72AD5500FD6269 /* Resources */,
			);
			buildRules = (
			);
			dependencies = (
			);
			name = GoodnightMoon;
			productName = GoodnightMoon;
			productReference = 18EA83681A72AD5500FD6269 /* GoodnightMoon.app */;
			productType = "com.apple.product-type.application";
		};
		18EA83801A72AD5500FD6269 /* GoodnightMoonTests */ = {
			isa = PBXNativeTarget;
			buildConfigurationList = 18EA838E1A72AD5500FD6269 /* Build configuration list for PBXNativeTarget "GoodnightMoonTests" */;
			buildPhases = (
				18EA837D1A72AD5500FD6269 /* Sources */,
				18EA837E1A72AD5500FD6269 /* Frameworks */,
				18EA837F1A72AD5500FD6269 /* Resources */,
			);
			buildRules = (
			);
			dependencies = (
				18EA83831A72AD5500FD6269 /* PBXTargetDependency */,
			);
			name = GoodnightMoonTests;
			productName = GoodnightMoonTests;
			productReference = 18EA83811A72AD5500FD6269 /* GoodnightMoonTests.xctest */;
			productType = "com.apple.product-type.bundle.unit-test";
		};
/* End PBXNativeTarget section */

/* Begin PBXProject section */
		18EA83601A72AD5500FD6269 /* Project object */ = {
			isa = PBXProject;
			attributes = {
				LastUpgradeCheck = 0610;
				ORGANIZATIONNAME = "Sherrie Jones";
				TargetAttributes = {
					18EA83671A72AD5500FD6269 = {
						CreatedOnToolsVersion = 6.1.1;
					};
					18EA83801A72AD5500FD6269 = {
						CreatedOnToolsVersion = 6.1.1;
						TestTargetID = 18EA83671A72AD5500FD6269;
					};
				};
			};
			buildConfigurationList = 18EA83631A72AD5500FD6269 /* Build configuration list for PBXProject "GoodnightMoon" */;
			compatibilityVersion = "Xcode 3.2";
			developmentRegion = English;
			hasScannedForEncodings = 0;
			knownRegions = (
				en,
				Base,
			);
			mainGroup = 18EA835F1A72AD5500FD6269;
			productRefGroup = 18EA83691A72AD5500FD6269 /* Products */;
			projectDirPath = "";
			projectRoot = "";
			targets = (
				18EA83671A72AD5500FD6269 /* GoodnightMoon */,
				18EA83801A72AD5500FD6269 /* GoodnightMoonTests */,
			);
		};
/* End PBXProject section */

/* Begin PBXResourcesBuildPhase section */
		18EA83661A72AD5500FD6269 /* Resources */ = {
			isa = PBXResourcesBuildPhase;
			buildActionMask = 2147483647;
			files = (
				18EA83771A72AD5500FD6269 /* Main.storyboard in Resources */,
				18EA837C1A72AD5500FD6269 /* LaunchScreen.xib in Resources */,
				18EA83791A72AD5500FD6269 /* Images.xcassets in Resources */,
			);
			runOnlyForDeploymentPostprocessing = 0;
		};
		18EA837F1A72AD5500FD6269 /* Resources */ = {
			isa = PBXResourcesBuildPhase;
			buildActionMask = 2147483647;
			files = (
			);
			runOnlyForDeploymentPostprocessing = 0;
		};
/* End PBXResourcesBuildPhase section */

/* Begin PBXSourcesBuildPhase section */
		18EA83641A72AD5500FD6269 /* Sources */ = {
			isa = PBXSourcesBuildPhase;
			buildActionMask = 2147483647;
			files = (
				18EA83741A72AD5500FD6269 /* RootViewController.m in Sources */,
				18EA83711A72AD5500FD6269 /* AppDelegate.m in Sources */,
				18EA83961A72CAF500FD6269 /* ImageCollectionViewCell.m in Sources */,
				18EA836E1A72AD5500FD6269 /* main.m in Sources */,
			);
			runOnlyForDeploymentPostprocessing = 0;
		};
		18EA837D1A72AD5500FD6269 /* Sources */ = {
			isa = PBXSourcesBuildPhase;
			buildActionMask = 2147483647;
			files = (
				18EA83881A72AD5500FD6269 /* GoodnightMoonTests.m in Sources */,
			);
			runOnlyForDeploymentPostprocessing = 0;
		};
/* End PBXSourcesBuildPhase section */

/* Begin PBXTargetDependency section */
		18EA83831A72AD5500FD6269 /* PBXTargetDependency */ = {
			isa = PBXTargetDependency;
			target = 18EA83671A72AD5500FD6269 /* GoodnightMoon */;
			targetProxy = 18EA83821A72AD5500FD6269 /* PBXContainerItemProxy */;
		};
/* End PBXTargetDependency section */

/* Begin PBXVariantGroup section */
		18EA83751A72AD5500FD6269 /* Main.storyboard */ = {
			isa = PBXVariantGroup;
			children = (
				18EA83761A72AD5500FD6269 /* Base */,
			);
			name = Main.storyboard;
			sourceTree = "<group>";
		};
		18EA837A1A72AD5500FD6269 /* LaunchScreen.xib */ = {
			isa = PBXVariantGroup;
			children = (
				18EA837B1A72AD5500FD6269 /* Base */,
			);
			name = LaunchScreen.xib;
			sourceTree = "<group>";
		};
/* End PBXVariantGroup section */

/* Begin XCBuildConfiguration section */
		18EA83891A72AD5500FD6269 /* Debug */ = {
			isa = XCBuildConfiguration;
			buildSettings = {
				ALWAYS_SEARCH_USER_PATHS = NO;
				CLANG_CXX_LANGUAGE_STANDARD = "gnu++0x";
				CLANG_CXX_LIBRARY = "libc++";
				CLANG_ENABLE_MODULES = YES;
				CLANG_ENABLE_OBJC_ARC = YES;
				CLANG_WARN_BOOL_CONVERSION = YES;
				CLANG_WARN_CONSTANT_CONVERSION = YES;
				CLANG_WARN_DIRECT_OBJC_ISA_USAGE = YES_ERROR;
				CLANG_WARN_EMPTY_BODY = YES;
				CLANG_WARN_ENUM_CONVERSION = YES;
				CLANG_WARN_INT_CONVERSION = YES;
				CLANG_WARN_OBJC_ROOT_CLASS = YES_ERROR;
				CLANG_WARN_UNREACHABLE_CODE = YES;
				CLANG_WARN__DUPLICATE_METHOD_MATCH = YES;
				"CODE_SIGN_IDENTITY[sdk=iphoneos*]" = "iPhone Developer";
				COPY_PHASE_STRIP = NO;
				ENABLE_STRICT_OBJC_MSGSEND = YES;
				GCC_C_LANGUAGE_STANDARD = gnu99;
				GCC_DYNAMIC_NO_PIC = NO;
				GCC_OPTIMIZATION_LEVEL = 0;
				GCC_PREPROCESSOR_DEFINITIONS = (
					"DEBUG=1",
					"$(inherited)",
				);
				GCC_SYMBOLS_PRIVATE_EXTERN = NO;
				GCC_WARN_64_TO_32_BIT_CONVERSION = YES;
				GCC_WARN_ABOUT_RETURN_TYPE = YES_ERROR;
				GCC_WARN_UNDECLARED_SELECTOR = YES;
				GCC_WARN_UNINITIALIZED_AUTOS = YES_AGGRESSIVE;
				GCC_WARN_UNUSED_FUNCTION = YES;
				GCC_WARN_UNUSED_VARIABLE = YES;
				IPHONEOS_DEPLOYMENT_TARGET = 8.1;
				MTL_ENABLE_DEBUG_INFO = YES;
				ONLY_ACTIVE_ARCH = YES;
				SDKROOT = iphoneos;
			};
			name = Debug;
		};
		18EA838A1A72AD5500FD6269 /* Release */ = {
			isa = XCBuildConfiguration;
			buildSettings = {
				ALWAYS_SEARCH_USER_PATHS = NO;
				CLANG_CXX_LANGUAGE_STANDARD = "gnu++0x";
				CLANG_CXX_LIBRARY = "libc++";
				CLANG_ENABLE_MODULES = YES;
				CLANG_ENABLE_OBJC_ARC = YES;
				CLANG_WARN_BOOL_CONVERSION = YES;
				CLANG_WARN_CONSTANT_CONVERSION = YES;
				CLANG_WARN_DIRECT_OBJC_ISA_USAGE = YES_ERROR;
				CLANG_WARN_EMPTY_BODY = YES;
				CLANG_WARN_ENUM_CONVERSION = YES;
				CLANG_WARN_INT_CONVERSION = YES;
				CLANG_WARN_OBJC_ROOT_CLASS = YES_ERROR;
				CLANG_WARN_UNREACHABLE_CODE = YES;
				CLANG_WARN__DUPLICATE_METHOD_MATCH = YES;
				"CODE_SIGN_IDENTITY[sdk=iphoneos*]" = "iPhone Developer";
				COPY_PHASE_STRIP = YES;
				ENABLE_NS_ASSERTIONS = NO;
				ENABLE_STRICT_OBJC_MSGSEND = YES;
				GCC_C_LANGUAGE_STANDARD = gnu99;
				GCC_WARN_64_TO_32_BIT_CONVERSION = YES;
				GCC_WARN_ABOUT_RETURN_TYPE = YES_ERROR;
				GCC_WARN_UNDECLARED_SELECTOR = YES;
				GCC_WARN_UNINITIALIZED_AUTOS = YES_AGGRESSIVE;
				GCC_WARN_UNUSED_FUNCTION = YES;
				GCC_WARN_UNUSED_VARIABLE = YES;
				IPHONEOS_DEPLOYMENT_TARGET = 8.1;
				MTL_ENABLE_DEBUG_INFO = NO;
				SDKROOT = iphoneos;
				VALIDATE_PRODUCT = YES;
			};
			name = Release;
		};
		18EA838C1A72AD5500FD6269 /* Debug */ = {
			isa = XCBuildConfiguration;
			buildSettings = {
				ASSETCATALOG_COMPILER_APPICON_NAME = AppIcon;
				INFOPLIST_FILE = GoodnightMoon/Info.plist;
				LD_RUNPATH_SEARCH_PATHS = "$(inherited) @executable_path/Frameworks";
				PRODUCT_NAME = "$(TARGET_NAME)";
			};
			name = Debug;
		};
		18EA838D1A72AD5500FD6269 /* Release */ = {
			isa = XCBuildConfiguration;
			buildSettings = {
				ASSETCATALOG_COMPILER_APPICON_NAME = AppIcon;
				INFOPLIST_FILE = GoodnightMoon/Info.plist;
				LD_RUNPATH_SEARCH_PATHS = "$(inherited) @executable_path/Frameworks";
				PRODUCT_NAME = "$(TARGET_NAME)";
			};
			name = Release;
		};
		18EA838F1A72AD5500FD6269 /* Debug */ = {
			isa = XCBuildConfiguration;
			buildSettings = {
				BUNDLE_LOADER = "$(TEST_HOST)";
				FRAMEWORK_SEARCH_PATHS = (
					"$(SDKROOT)/Developer/Library/Frameworks",
					"$(inherited)",
				);
				GCC_PREPROCESSOR_DEFINITIONS = (
					"DEBUG=1",
					"$(inherited)",
				);
				INFOPLIST_FILE = GoodnightMoonTests/Info.plist;
				LD_RUNPATH_SEARCH_PATHS = "$(inherited) @executable_path/Frameworks @loader_path/Frameworks";
				PRODUCT_NAME = "$(TARGET_NAME)";
				TEST_HOST = "$(BUILT_PRODUCTS_DIR)/GoodnightMoon.app/GoodnightMoon";
			};
			name = Debug;
		};
		18EA83901A72AD5500FD6269 /* Release */ = {
			isa = XCBuildConfiguration;
			buildSettings = {
				BUNDLE_LOADER = "$(TEST_HOST)";
				FRAMEWORK_SEARCH_PATHS = (
					"$(SDKROOT)/Developer/Library/Frameworks",
					"$(inherited)",
				);
				INFOPLIST_FILE = GoodnightMoonTests/Info.plist;
				LD_RUNPATH_SEARCH_PATHS = "$(inherited) @executable_path/Frameworks @loader_path/Frameworks";
				PRODUCT_NAME = "$(TARGET_NAME)";
				TEST_HOST = "$(BUILT_PRODUCTS_DIR)/GoodnightMoon.app/GoodnightMoon";
			};
			name = Release;
		};
/* End XCBuildConfiguration section */

/* Begin XCConfigurationList section */
		18EA83631A72AD5500FD6269 /* Build configuration list for PBXProject "GoodnightMoon" */ = {
			isa = XCConfigurationList;
			buildConfigurations = (
				18EA83891A72AD5500FD6269 /* Debug */,
				18EA838A1A72AD5500FD6269 /* Release */,
			);
			defaultConfigurationIsVisible = 0;
			defaultConfigurationName = Release;
		};
		18EA838B1A72AD5500FD6269 /* Build configuration list for PBXNativeTarget "GoodnightMoon" */ = {
			isa = XCConfigurationList;
			buildConfigurations = (
				18EA838C1A72AD5500FD6269 /* Debug */,
				18EA838D1A72AD5500FD6269 /* Release */,
			);
			defaultConfigurationIsVisible = 0;
		};
		18EA838E1A72AD5500FD6269 /* Build configuration list for PBXNativeTarget "GoodnightMoonTests" */ = {
			isa = XCConfigurationList;
			buildConfigurations = (
				18EA838F1A72AD5500FD6269 /* Debug */,
				18EA83901A72AD5500FD6269 /* Release */,
			);
			defaultConfigurationIsVisible = 0;
		};
/* End XCConfigurationList section */
	};
	rootObject = 18EA83601A72AD5500FD6269 /* Project object */;
}
